
Microsoft Visual Studio Solution File, Format Version 12.00
# Visual Studio Version 16
VisualStudioVersion = 16.0.29025.244
MinimumVisualStudioVersion = 10.0.40219.1
Project("{FAE04EC0-301F-11D3-BF4B-00C04F79EFBC}") = "MVCSite", "MVCSite\MVCSite.csproj", "{0917F1ED-CD67-4781-A9D4-8E8BA475D792}"
EndProject
Global
	GlobalSection(SolutionConfigurationPlatforms) = preSolution
		Debug|Any CPU = Debug|Any CPU
		Release|Any CPU = Release|Any CPU
	EndGlobalSection
	GlobalSection(ProjectConfigurationPlatforms) = postSolution
		{0917F1ED-CD67-4781-A9D4-8E8BA475D792}.Debug|Any CPU.ActiveCfg = Debug|Any CPU
		{0917F1ED-CD67-4781-A9D4-8E8BA475D792}.Debug|Any CPU.Build.0 = Debug|Any CPU
		{0917F1ED-CD67-4781-A9D4-8E8BA475D792}.Release|Any CPU.ActiveCfg = Release|Any CPU
		{0917F1ED-CD67-4781-A9D4-8E8BA475D792}.Release|Any CPU.Build.0 = Release|Any CPU
	EndGlobalSection
	GlobalSection(SolutionProperties) = preSolution
		HideSolutionNode = FALSE
	EndGlobalSection
	GlobalSection(ExtensibilityGlobals) = postSolution
		SolutionGuid = {D1320E51-6CF0-4C23-A748-3688CE531E33}
	EndGlobalSection
EndGlobal
